
Microsoft Visual Studio Solution File, Format Version 12.00
# Visual Studio Version 17
VisualStudioVersion = 17.0.31903.59
MinimumVisualStudioVersion = 10.0.40219.1
Project("{2150E333-8FDC-42A3-9474-1A3956D46DE8}") = "src", "src", "{827E0CD3-B72D-47B6-A68D-7590B98EB39B}"
EndProject
Project("{2150E333-8FDC-42A3-9474-1A3956D46DE8}") = "Modules", "Modules", "{EC447DCF-ABFA-6E24-52A5-D7FD48A5C558}"
EndProject
Project("{2150E333-8FDC-42A3-9474-1A3956D46DE8}") = "Auth", "Auth", "{E9D55F35-C373-3DD8-6914-3213F2F582A2}"
EndProject
Project("{FAE04EC0-301F-11D3-BF4B-00C04F79EFBC}") = "Auth.Domain", "src\Modules\Auth\Auth.Domain\Auth.Domain.csproj", "{96D056C9-912B-41C3-BF62-28F612400CCB}"
EndProject
Project("{FAE04EC0-301F-11D3-BF4B-00C04F79EFBC}") = "Auth.Application", "src\Modules\Auth\Auth.Application\Auth.Application.csproj", "{EFFA108E-0491-4B1C-8366-BF6907AADF0F}"
EndProject
Project("{FAE04EC0-301F-11D3-BF4B-00C04F79EFBC}") = "Auth.Infrastructure", "src\Modules\Auth\Auth.Infrastructure\Auth.Infrastructure.csproj", "{578FFF72-1283-498D-840D-0FD0E9F6D008}"
EndProject
Project("{FAE04EC0-301F-11D3-BF4B-00C04F79EFBC}") = "Auth.Api", "src\Modules\Auth\Auth.Api\Auth.Api.csproj", "{55A45F58-BA0C-4168-9F90-6F0ECA52A68F}"
EndProject
Project("{2150E333-8FDC-42A3-9474-1A3956D46DE8}") = "Clients", "Clients", "{5C50A689-B514-194B-0249-744A6330F552}"
EndProject
Project("{FAE04EC0-301F-11D3-BF4B-00C04F79EFBC}") = "Clients.Domain", "src\Modules\Clients\Clients.Domain\Clients.Domain.csproj", "{BA21C887-D0C5-4D05-BB50-DFAF56393D3B}"
EndProject
Project("{FAE04EC0-301F-11D3-BF4B-00C04F79EFBC}") = "Clients.Application", "src\Modules\Clients\Clients.Application\Clients.Application.csproj", "{25C4BD64-BC78-4BED-9DB7-72F00C605D00}"
EndProject
Project("{FAE04EC0-301F-11D3-BF4B-00C04F79EFBC}") = "Clients.Infrastructure", "src\Modules\Clients\Clients.Infrastructure\Clients.Infrastructure.csproj", "{F842B1E3-DD81-47CB-BE5C-B6810AE47B23}"
EndProject
Project("{FAE04EC0-301F-11D3-BF4B-00C04F79EFBC}") = "Clients.Api", "src\Modules\Clients\Clients.Api\Clients.Api.csproj", "{FE125106-6B69-4E98-AC19-C198F76548E2}"
EndProject
Project("{2150E333-8FDC-42A3-9474-1A3956D46DE8}") = "CaseManagement", "CaseManagement", "{A3EE3FDA-23BA-7636-B71D-702F924C4037}"
EndProject
Project("{FAE04EC0-301F-11D3-BF4B-00C04F79EFBC}") = "CaseManagement.Domain", "src\Modules\CaseManagement\CaseManagement.Domain\CaseManagement.Domain.csproj", "{60427A43-4032-485E-A70D-C4BD76487809}"
EndProject
Project("{FAE04EC0-301F-11D3-BF4B-00C04F79EFBC}") = "CaseManagement.Application", "src\Modules\CaseManagement\CaseManagement.Application\CaseManagement.Application.csproj", "{7613CE73-BA84-4CCA-977D-D5015385584B}"
EndProject
Project("{FAE04EC0-301F-11D3-BF4B-00C04F79EFBC}") = "CaseManagement.Infrastructure", "src\Modules\CaseManagement\CaseManagement.Infrastructure\CaseManagement.Infrastructure.csproj", "{0BF41A69-A2A9-4E37-9152-6BC9D8E70A8C}"
EndProject
Project("{FAE04EC0-301F-11D3-BF4B-00C04F79EFBC}") = "CaseManagement.Api", "src\Modules\CaseManagement\CaseManagement.Api\CaseManagement.Api.csproj", "{6476A43A-07F5-44AB-BE49-30B501015085}"
EndProject
Project("{2150E333-8FDC-42A3-9474-1A3956D46DE8}") = "Billing", "Billing", "{61DCC6D7-ECE4-129F-6A42-39B2DD414C68}"
EndProject
Project("{FAE04EC0-301F-11D3-BF4B-00C04F79EFBC}") = "Billing.Domain", "src\Modules\Billing\Billing.Domain\Billing.Domain.csproj", "{3090E30E-22E4-4FEA-AB1D-DCCCD9D99D27}"
EndProject
Project("{FAE04EC0-301F-11D3-BF4B-00C04F79EFBC}") = "Billing.Application", "src\Modules\Billing\Billing.Application\Billing.Application.csproj", "{4CF14A7F-4996-457E-AE80-4D78E2FDE6AE}"
EndProject
Project("{FAE04EC0-301F-11D3-BF4B-00C04F79EFBC}") = "Billing.Infrastructure", "src\Modules\Billing\Billing.Infrastructure\Billing.Infrastructure.csproj", "{7F36B619-5264-41B3-851E-131050083B09}"
EndProject
Project("{FAE04EC0-301F-11D3-BF4B-00C04F79EFBC}") = "Billing.Api", "src\Modules\Billing\Billing.Api\Billing.Api.csproj", "{BB12FB9A-D136-4CA4-AF9F-F44559B4AA6A}"
EndProject
Project("{2150E333-8FDC-42A3-9474-1A3956D46DE8}") = "Documents", "Documents", "{09A91B6C-79E6-0968-6169-7E6887562B47}"
EndProject
Project("{FAE04EC0-301F-11D3-BF4B-00C04F79EFBC}") = "Documents.Domain", "src\Modules\Documents\Documents.Domain\Documents.Domain.csproj", "{82B93763-1BEA-4EFA-9C93-D66CC9E0FA8C}"
EndProject
Project("{FAE04EC0-301F-11D3-BF4B-00C04F79EFBC}") = "Documents.Application", "src\Modules\Documents\Documents.Application\Documents.Application.csproj", "{45A9AE5C-33FC-4E8D-800B-B86838B0498C}"
EndProject
Project("{FAE04EC0-301F-11D3-BF4B-00C04F79EFBC}") = "Documents.Infrastructure", "src\Modules\Documents\Documents.Infrastructure\Documents.Infrastructure.csproj", "{429E81B3-C2C1-4056-8600-AA1C138752C0}"
EndProject
Project("{FAE04EC0-301F-11D3-BF4B-00C04F79EFBC}") = "Documents.Api", "src\Modules\Documents\Documents.Api\Documents.Api.csproj", "{51DB138F-8610-4745-BEE8-F4364CC79277}"
EndProject
Project("{2150E333-8FDC-42A3-9474-1A3956D46DE8}") = "CRM", "CRM", "{B6C90F2A-E018-AF2F-3C7C-8D4CE61C2669}"
EndProject
Project("{FAE04EC0-301F-11D3-BF4B-00C04F79EFBC}") = "CRM.Domain", "src\Modules\CRM\CRM.Domain\CRM.Domain.csproj", "{1A48C772-F742-4977-902D-6BC0773ED5A2}"
EndProject
Project("{FAE04EC0-301F-11D3-BF4B-00C04F79EFBC}") = "CRM.Application", "src\Modules\CRM\CRM.Application\CRM.Application.csproj", "{C0605C50-ACE1-4939-8039-2B2B8008B77C}"
EndProject
Project("{FAE04EC0-301F-11D3-BF4B-00C04F79EFBC}") = "CRM.Infrastructure", "src\Modules\CRM\CRM.Infrastructure\CRM.Infrastructure.csproj", "{069AFCB0-406B-410A-9B14-8FAD06825770}"
EndProject
Project("{FAE04EC0-301F-11D3-BF4B-00C04F79EFBC}") = "CRM.Api", "src\Modules\CRM\CRM.Api\CRM.Api.csproj", "{E217F562-CA4B-414A-BF0B-11724FC8B74B}"
EndProject
Project("{2150E333-8FDC-42A3-9474-1A3956D46DE8}") = "Workflow", "Workflow", "{4AE10D05-DD3E-F48E-F17B-B26EA748633E}"
EndProject
Project("{FAE04EC0-301F-11D3-BF4B-00C04F79EFBC}") = "Workflow.Domain", "src\Modules\Workflow\Workflow.Domain\Workflow.Domain.csproj", "{6C75920D-8418-458F-9A27-208135DFC730}"
EndProject
Project("{FAE04EC0-301F-11D3-BF4B-00C04F79EFBC}") = "Workflow.Application", "src\Modules\Workflow\Workflow.Application\Workflow.Application.csproj", "{EF691396-6F9F-453E-B862-BBF3AF51B41B}"
EndProject
Project("{FAE04EC0-301F-11D3-BF4B-00C04F79EFBC}") = "Workflow.Infrastructure", "src\Modules\Workflow\Workflow.Infrastructure\Workflow.Infrastructure.csproj", "{6D13AD55-501B-4236-B7C9-94C151FA1DA7}"
EndProject
Project("{FAE04EC0-301F-11D3-BF4B-00C04F79EFBC}") = "Workflow.Api", "src\Modules\Workflow\Workflow.Api\Workflow.Api.csproj", "{464FB625-A169-4EAB-9B35-D5EAA0D0948C}"
EndProject
Project("{2150E333-8FDC-42A3-9474-1A3956D46DE8}") = "Reports", "Reports", "{3DF52DA8-B83D-8D2B-4D21-700587FC75DB}"
EndProject
Project("{FAE04EC0-301F-11D3-BF4B-00C04F79EFBC}") = "Reports.Domain", "src\Modules\Reports\Reports.Domain\Reports.Domain.csproj", "{E43DAA0E-1D29-49F3-BDE0-506D9A88CD63}"
EndProject
Project("{FAE04EC0-301F-11D3-BF4B-00C04F79EFBC}") = "Reports.Application", "src\Modules\Reports\Reports.Application\Reports.Application.csproj", "{2769560F-44B9-4219-8E0C-4EC50D9AD83B}"
EndProject
Project("{FAE04EC0-301F-11D3-BF4B-00C04F79EFBC}") = "Reports.Infrastructure", "src\Modules\Reports\Reports.Infrastructure\Reports.Infrastructure.csproj", "{531F67E4-CD3A-461F-9670-2A3110DE0309}"
EndProject
Project("{FAE04EC0-301F-11D3-BF4B-00C04F79EFBC}") = "Reports.Api", "src\Modules\Reports\Reports.Api\Reports.Api.csproj", "{DA2D659D-B8B0-4D99-96BB-ABAB63D4AEAC}"
EndProject
Project("{2150E333-8FDC-42A3-9474-1A3956D46DE8}") = "HR", "HR", "{6EBCFD33-7D2C-6F0C-B60B-6B70B57F5713}"
EndProject
Project("{FAE04EC0-301F-11D3-BF4B-00C04F79EFBC}") = "HR.Domain", "src\Modules\HR\HR.Domain\HR.Domain.csproj", "{0E85A05F-8A56-435F-A1D1-BB99A137870C}"
EndProject
Project("{FAE04EC0-301F-11D3-BF4B-00C04F79EFBC}") = "HR.Application", "src\Modules\HR\HR.Application\HR.Application.csproj", "{293B1A02-6377-4495-8F37-0D4B85348F6C}"
EndProject
Project("{FAE04EC0-301F-11D3-BF4B-00C04F79EFBC}") = "HR.Infrastructure", "src\Modules\HR\HR.Infrastructure\HR.Infrastructure.csproj", "{77F7933C-F4E6-442C-93D7-269183F637E9}"
EndProject
Project("{FAE04EC0-301F-11D3-BF4B-00C04F79EFBC}") = "HR.Api", "src\Modules\HR\HR.Api\HR.Api.csproj", "{FC96E88F-1206-4227-B38B-60DE805711FB}"
EndProject
Project("{2150E333-8FDC-42A3-9474-1A3956D46DE8}") = "Solution Items", "Solution Items", "{8EC462FD-D22E-90A8-E5CE-7E832BA40C5D}"
EndProject
Project("{FAE04EC0-301F-11D3-BF4B-00C04F79EFBC}") = "BuildingBlock.Shared", "src\BuildingBlocks\Shared\BuildingBlock.Shared\BuildingBlock.Shared.csproj", "{CBF01D5E-4011-4853-974D-B585D44A7939}"
EndProject
Global
	GlobalSection(SolutionConfigurationPlatforms) = preSolution
		Debug|Any CPU = Debug|Any CPU
		Debug|x64 = Debug|x64
		Debug|x86 = Debug|x86
		Release|Any CPU = Release|Any CPU
		Release|x64 = Release|x64
		Release|x86 = Release|x86
	EndGlobalSection
	GlobalSection(ProjectConfigurationPlatforms) = postSolution
		{96D056C9-912B-41C3-BF62-28F612400CCB}.Debug|Any CPU.ActiveCfg = Debug|Any CPU
		{96D056C9-912B-41C3-BF62-28F612400CCB}.Debug|Any CPU.Build.0 = Debug|Any CPU
		{96D056C9-912B-41C3-BF62-28F612400CCB}.Debug|x64.ActiveCfg = Debug|Any CPU
		{96D056C9-912B-41C3-BF62-28F612400CCB}.Debug|x64.Build.0 = Debug|Any CPU
		{96D056C9-912B-41C3-BF62-28F612400CCB}.Debug|x86.ActiveCfg = Debug|Any CPU
		{96D056C9-912B-41C3-BF62-28F612400CCB}.Debug|x86.Build.0 = Debug|Any CPU
		{96D056C9-912B-41C3-BF62-28F612400CCB}.Release|Any CPU.ActiveCfg = Release|Any CPU
		{96D056C9-912B-41C3-BF62-28F612400CCB}.Release|Any CPU.Build.0 = Release|Any CPU
		{96D056C9-912B-41C3-BF62-28F612400CCB}.Release|x64.ActiveCfg = Release|Any CPU
		{96D056C9-912B-41C3-BF62-28F612400CCB}.Release|x64.Build.0 = Release|Any CPU
		{96D056C9-912B-41C3-BF62-28F612400CCB}.Release|x86.ActiveCfg = Release|Any CPU
		{96D056C9-912B-41C3-BF62-28F612400CCB}.Release|x86.Build.0 = Release|Any CPU
		{EFFA108E-0491-4B1C-8366-BF6907AADF0F}.Debug|Any CPU.ActiveCfg = Debug|Any CPU
		{EFFA108E-0491-4B1C-8366-BF6907AADF0F}.Debug|Any CPU.Build.0 = Debug|Any CPU
		{EFFA108E-0491-4B1C-8366-BF6907AADF0F}.Debug|x64.ActiveCfg = Debug|Any CPU
		{EFFA108E-0491-4B1C-8366-BF6907AADF0F}.Debug|x64.Build.0 = Debug|Any CPU
		{EFFA108E-0491-4B1C-8366-BF6907AADF0F}.Debug|x86.ActiveCfg = Debug|Any CPU
		{EFFA108E-0491-4B1C-8366-BF6907AADF0F}.Debug|x86.Build.0 = Debug|Any CPU
		{EFFA108E-0491-4B1C-8366-BF6907AADF0F}.Release|Any CPU.ActiveCfg = Release|Any CPU
		{EFFA108E-0491-4B1C-8366-BF6907AADF0F}.Release|Any CPU.Build.0 = Release|Any CPU
		{EFFA108E-0491-4B1C-8366-BF6907AADF0F}.Release|x64.ActiveCfg = Release|Any CPU
		{EFFA108E-0491-4B1C-8366-BF6907AADF0F}.Release|x64.Build.0 = Release|Any CPU
		{EFFA108E-0491-4B1C-8366-BF6907AADF0F}.Release|x86.ActiveCfg = Release|Any CPU
		{EFFA108E-0491-4B1C-8366-BF6907AADF0F}.Release|x86.Build.0 = Release|Any CPU
		{578FFF72-1283-498D-840D-0FD0E9F6D008}.Debug|Any CPU.ActiveCfg = Debug|Any CPU
		{578FFF72-1283-498D-840D-0FD0E9F6D008}.Debug|Any CPU.Build.0 = Debug|Any CPU
		{578FFF72-1283-498D-840D-0FD0E9F6D008}.Debug|x64.ActiveCfg = Debug|Any CPU
		{578FFF72-1283-498D-840D-0FD0E9F6D008}.Debug|x64.Build.0 = Debug|Any CPU
		{578FFF72-1283-498D-840D-0FD0E9F6D008}.Debug|x86.ActiveCfg = Debug|Any CPU
		{578FFF72-1283-498D-840D-0FD0E9F6D008}.Debug|x86.Build.0 = Debug|Any CPU
		{578FFF72-1283-498D-840D-0FD0E9F6D008}.Release|Any CPU.ActiveCfg = Release|Any CPU
		{578FFF72-1283-498D-840D-0FD0E9F6D008}.Release|Any CPU.Build.0 = Release|Any CPU
		{578FFF72-1283-498D-840D-0FD0E9F6D008}.Release|x64.ActiveCfg = Release|Any CPU
		{578FFF72-1283-498D-840D-0FD0E9F6D008}.Release|x64.Build.0 = Release|Any CPU
		{578FFF72-1283-498D-840D-0FD0E9F6D008}.Release|x86.ActiveCfg = Release|Any CPU
		{578FFF72-1283-498D-840D-0FD0E9F6D008}.Release|x86.Build.0 = Release|Any CPU
		{55A45F58-BA0C-4168-9F90-6F0ECA52A68F}.Debug|Any CPU.ActiveCfg = Debug|Any CPU
		{55A45F58-BA0C-4168-9F90-6F0ECA52A68F}.Debug|Any CPU.Build.0 = Debug|Any CPU
		{55A45F58-BA0C-4168-9F90-6F0ECA52A68F}.Debug|x64.ActiveCfg = Debug|Any CPU
		{55A45F58-BA0C-4168-9F90-6F0ECA52A68F}.Debug|x64.Build.0 = Debug|Any CPU
		{55A45F58-BA0C-4168-9F90-6F0ECA52A68F}.Debug|x86.ActiveCfg = Debug|Any CPU
		{55A45F58-BA0C-4168-9F90-6F0ECA52A68F}.Debug|x86.Build.0 = Debug|Any CPU
		{55A45F58-BA0C-4168-9F90-6F0ECA52A68F}.Release|Any CPU.ActiveCfg = Release|Any CPU
		{55A45F58-BA0C-4168-9F90-6F0ECA52A68F}.Release|Any CPU.Build.0 = Release|Any CPU
		{55A45F58-BA0C-4168-9F90-6F0ECA52A68F}.Release|x64.ActiveCfg = Release|Any CPU
		{55A45F58-BA0C-4168-9F90-6F0ECA52A68F}.Release|x64.Build.0 = Release|Any CPU
		{55A45F58-BA0C-4168-9F90-6F0ECA52A68F}.Release|x86.ActiveCfg = Release|Any CPU
		{55A45F58-BA0C-4168-9F90-6F0ECA52A68F}.Release|x86.Build.0 = Release|Any CPU
		{BA21C887-D0C5-4D05-BB50-DFAF56393D3B}.Debug|Any CPU.ActiveCfg = Debug|Any CPU
		{BA21C887-D0C5-4D05-BB50-DFAF56393D3B}.Debug|Any CPU.Build.0 = Debug|Any CPU
		{BA21C887-D0C5-4D05-BB50-DFAF56393D3B}.Debug|x64.ActiveCfg = Debug|Any CPU
		{BA21C887-D0C5-4D05-BB50-DFAF56393D3B}.Debug|x64.Build.0 = Debug|Any CPU
		{BA21C887-D0C5-4D05-BB50-DFAF56393D3B}.Debug|x86.ActiveCfg = Debug|Any CPU
		{BA21C887-D0C5-4D05-BB50-DFAF56393D3B}.Debug|x86.Build.0 = Debug|Any CPU
		{BA21C887-D0C5-4D05-BB50-DFAF56393D3B}.Release|Any CPU.ActiveCfg = Release|Any CPU
		{BA21C887-D0C5-4D05-BB50-DFAF56393D3B}.Release|Any CPU.Build.0 = Release|Any CPU
		{BA21C887-D0C5-4D05-BB50-DFAF56393D3B}.Release|x64.ActiveCfg = Release|Any CPU
		{BA21C887-D0C5-4D05-BB50-DFAF56393D3B}.Release|x64.Build.0 = Release|Any CPU
		{BA21C887-D0C5-4D05-BB50-DFAF56393D3B}.Release|x86.ActiveCfg = Release|Any CPU
		{BA21C887-D0C5-4D05-BB50-DFAF56393D3B}.Release|x86.Build.0 = Release|Any CPU
		{25C4BD64-BC78-4BED-9DB7-72F00C605D00}.Debug|Any CPU.ActiveCfg = Debug|Any CPU
		{25C4BD64-BC78-4BED-9DB7-72F00C605D00}.Debug|Any CPU.Build.0 = Debug|Any CPU
		{25C4BD64-BC78-4BED-9DB7-72F00C605D00}.Debug|x64.ActiveCfg = Debug|Any CPU
		{25C4BD64-BC78-4BED-9DB7-72F00C605D00}.Debug|x64.Build.0 = Debug|Any CPU
		{25C4BD64-BC78-4BED-9DB7-72F00C605D00}.Debug|x86.ActiveCfg = Debug|Any CPU
		{25C4BD64-BC78-4BED-9DB7-72F00C605D00}.Debug|x86.Build.0 = Debug|Any CPU
		{25C4BD64-BC78-4BED-9DB7-72F00C605D00}.Release|Any CPU.ActiveCfg = Release|Any CPU
		{25C4BD64-BC78-4BED-9DB7-72F00C605D00}.Release|Any CPU.Build.0 = Release|Any CPU
		{25C4BD64-BC78-4BED-9DB7-72F00C605D00}.Release|x64.ActiveCfg = Release|Any CPU
		{25C4BD64-BC78-4BED-9DB7-72F00C605D00}.Release|x64.Build.0 = Release|Any CPU
		{25C4BD64-BC78-4BED-9DB7-72F00C605D00}.Release|x86.ActiveCfg = Release|Any CPU
		{25C4BD64-BC78-4BED-9DB7-72F00C605D00}.Release|x86.Build.0 = Release|Any CPU
		{F842B1E3-DD81-47CB-BE5C-B6810AE47B23}.Debug|Any CPU.ActiveCfg = Debug|Any CPU
		{F842B1E3-DD81-47CB-BE5C-B6810AE47B23}.Debug|Any CPU.Build.0 = Debug|Any CPU
		{F842B1E3-DD81-47CB-BE5C-B6810AE47B23}.Debug|x64.ActiveCfg = Debug|Any CPU
		{F842B1E3-DD81-47CB-BE5C-B6810AE47B23}.Debug|x64.Build.0 = Debug|Any CPU
		{F842B1E3-DD81-47CB-BE5C-B6810AE47B23}.Debug|x86.ActiveCfg = Debug|Any CPU
		{F842B1E3-DD81-47CB-BE5C-B6810AE47B23}.Debug|x86.Build.0 = Debug|Any CPU
		{F842B1E3-DD81-47CB-BE5C-B6810AE47B23}.Release|Any CPU.ActiveCfg = Release|Any CPU
		{F842B1E3-DD81-47CB-BE5C-B6810AE47B23}.Release|Any CPU.Build.0 = Release|Any CPU
		{F842B1E3-DD81-47CB-BE5C-B6810AE47B23}.Release|x64.ActiveCfg = Release|Any CPU
		{F842B1E3-DD81-47CB-BE5C-B6810AE47B23}.Release|x64.Build.0 = Release|Any CPU
		{F842B1E3-DD81-47CB-BE5C-B6810AE47B23}.Release|x86.ActiveCfg = Release|Any CPU
		{F842B1E3-DD81-47CB-BE5C-B6810AE47B23}.Release|x86.Build.0 = Release|Any CPU
		{FE125106-6B69-4E98-AC19-C198F76548E2}.Debug|Any CPU.ActiveCfg = Debug|Any CPU
		{FE125106-6B69-4E98-AC19-C198F76548E2}.Debug|Any CPU.Build.0 = Debug|Any CPU
		{FE125106-6B69-4E98-AC19-C198F76548E2}.Debug|x64.ActiveCfg = Debug|Any CPU
		{FE125106-6B69-4E98-AC19-C198F76548E2}.Debug|x64.Build.0 = Debug|Any CPU
		{FE125106-6B69-4E98-AC19-C198F76548E2}.Debug|x86.ActiveCfg = Debug|Any CPU
		{FE125106-6B69-4E98-AC19-C198F76548E2}.Debug|x86.Build.0 = Debug|Any CPU
		{FE125106-6B69-4E98-AC19-C198F76548E2}.Release|Any CPU.ActiveCfg = Release|Any CPU
		{FE125106-6B69-4E98-AC19-C198F76548E2}.Release|Any CPU.Build.0 = Release|Any CPU
		{FE125106-6B69-4E98-AC19-C198F76548E2}.Release|x64.ActiveCfg = Release|Any CPU
		{FE125106-6B69-4E98-AC19-C198F76548E2}.Release|x64.Build.0 = Release|Any CPU
		{FE125106-6B69-4E98-AC19-C198F76548E2}.Release|x86.ActiveCfg = Release|Any CPU
		{FE125106-6B69-4E98-AC19-C198F76548E2}.Release|x86.Build.0 = Release|Any CPU
		{60427A43-4032-485E-A70D-C4BD76487809}.Debug|Any CPU.ActiveCfg = Debug|Any CPU
		{60427A43-4032-485E-A70D-C4BD76487809}.Debug|Any CPU.Build.0 = Debug|Any CPU
		{60427A43-4032-485E-A70D-C4BD76487809}.Debug|x64.ActiveCfg = Debug|Any CPU
		{60427A43-4032-485E-A70D-C4BD76487809}.Debug|x64.Build.0 = Debug|Any CPU
		{60427A43-4032-485E-A70D-C4BD76487809}.Debug|x86.ActiveCfg = Debug|Any CPU
		{60427A43-4032-485E-A70D-C4BD76487809}.Debug|x86.Build.0 = Debug|Any CPU
		{60427A43-4032-485E-A70D-C4BD76487809}.Release|Any CPU.ActiveCfg = Release|Any CPU
		{60427A43-4032-485E-A70D-C4BD76487809}.Release|Any CPU.Build.0 = Release|Any CPU
		{60427A43-4032-485E-A70D-C4BD76487809}.Release|x64.ActiveCfg = Release|Any CPU
		{60427A43-4032-485E-A70D-C4BD76487809}.Release|x64.Build.0 = Release|Any CPU
		{60427A43-4032-485E-A70D-C4BD76487809}.Release|x86.ActiveCfg = Release|Any CPU
		{60427A43-4032-485E-A70D-C4BD76487809}.Release|x86.Build.0 = Release|Any CPU
		{7613CE73-BA84-4CCA-977D-D5015385584B}.Debug|Any CPU.ActiveCfg = Debug|Any CPU
		{7613CE73-BA84-4CCA-977D-D5015385584B}.Debug|Any CPU.Build.0 = Debug|Any CPU
		{7613CE73-BA84-4CCA-977D-D5015385584B}.Debug|x64.ActiveCfg = Debug|Any CPU
		{7613CE73-BA84-4CCA-977D-D5015385584B}.Debug|x64.Build.0 = Debug|Any CPU
		{7613CE73-BA84-4CCA-977D-D5015385584B}.Debug|x86.ActiveCfg = Debug|Any CPU
		{7613CE73-BA84-4CCA-977D-D5015385584B}.Debug|x86.Build.0 = Debug|Any CPU
		{7613CE73-BA84-4CCA-977D-D5015385584B}.Release|Any CPU.ActiveCfg = Release|Any CPU
		{7613CE73-BA84-4CCA-977D-D5015385584B}.Release|Any CPU.Build.0 = Release|Any CPU
		{7613CE73-BA84-4CCA-977D-D5015385584B}.Release|x64.ActiveCfg = Release|Any CPU
		{7613CE73-BA84-4CCA-977D-D5015385584B}.Release|x64.Build.0 = Release|Any CPU
		{7613CE73-BA84-4CCA-977D-D5015385584B}.Release|x86.ActiveCfg = Release|Any CPU
		{7613CE73-BA84-4CCA-977D-D5015385584B}.Release|x86.Build.0 = Release|Any CPU
		{0BF41A69-A2A9-4E37-9152-6BC9D8E70A8C}.Debug|Any CPU.ActiveCfg = Debug|Any CPU
		{0BF41A69-A2A9-4E37-9152-6BC9D8E70A8C}.Debug|Any CPU.Build.0 = Debug|Any CPU
		{0BF41A69-A2A9-4E37-9152-6BC9D8E70A8C}.Debug|x64.ActiveCfg = Debug|Any CPU
		{0BF41A69-A2A9-4E37-9152-6BC9D8E70A8C}.Debug|x64.Build.0 = Debug|Any CPU
		{0BF41A69-A2A9-4E37-9152-6BC9D8E70A8C}.Debug|x86.ActiveCfg = Debug|Any CPU
		{0BF41A69-A2A9-4E37-9152-6BC9D8E70A8C}.Debug|x86.Build.0 = Debug|Any CPU
		{0BF41A69-A2A9-4E37-9152-6BC9D8E70A8C}.Release|Any CPU.ActiveCfg = Release|Any CPU
		{0BF41A69-A2A9-4E37-9152-6BC9D8E70A8C}.Release|Any CPU.Build.0 = Release|Any CPU
		{0BF41A69-A2A9-4E37-9152-6BC9D8E70A8C}.Release|x64.ActiveCfg = Release|Any CPU
		{0BF41A69-A2A9-4E37-9152-6BC9D8E70A8C}.Release|x64.Build.0 = Release|Any CPU
		{0BF41A69-A2A9-4E37-9152-6BC9D8E70A8C}.Release|x86.ActiveCfg = Release|Any CPU
		{0BF41A69-A2A9-4E37-9152-6BC9D8E70A8C}.Release|x86.Build.0 = Release|Any CPU
		{6476A43A-07F5-44AB-BE49-30B501015085}.Debug|Any CPU.ActiveCfg = Debug|Any CPU
		{6476A43A-07F5-44AB-BE49-30B501015085}.Debug|Any CPU.Build.0 = Debug|Any CPU
		{6476A43A-07F5-44AB-BE49-30B501015085}.Debug|x64.ActiveCfg = Debug|Any CPU
		{6476A43A-07F5-44AB-BE49-30B501015085}.Debug|x64.Build.0 = Debug|Any CPU
		{6476A43A-07F5-44AB-BE49-30B501015085}.Debug|x86.ActiveCfg = Debug|Any CPU
		{6476A43A-07F5-44AB-BE49-30B501015085}.Debug|x86.Build.0 = Debug|Any CPU
		{6476A43A-07F5-44AB-BE49-30B501015085}.Release|Any CPU.ActiveCfg = Release|Any CPU
		{6476A43A-07F5-44AB-BE49-30B501015085}.Release|Any CPU.Build.0 = Release|Any CPU
		{6476A43A-07F5-44AB-BE49-30B501015085}.Release|x64.ActiveCfg = Release|Any CPU
		{6476A43A-07F5-44AB-BE49-30B501015085}.Release|x64.Build.0 = Release|Any CPU
		{6476A43A-07F5-44AB-BE49-30B501015085}.Release|x86.ActiveCfg = Release|Any CPU
		{6476A43A-07F5-44AB-BE49-30B501015085}.Release|x86.Build.0 = Release|Any CPU
		{3090E30E-22E4-4FEA-AB1D-DCCCD9D99D27}.Debug|Any CPU.ActiveCfg = Debug|Any CPU
		{3090E30E-22E4-4FEA-AB1D-DCCCD9D99D27}.Debug|Any CPU.Build.0 = Debug|Any CPU
		{3090E30E-22E4-4FEA-AB1D-DCCCD9D99D27}.Debug|x64.ActiveCfg = Debug|Any CPU
		{3090E30E-22E4-4FEA-AB1D-DCCCD9D99D27}.Debug|x64.Build.0 = Debug|Any CPU
		{3090E30E-22E4-4FEA-AB1D-DCCCD9D99D27}.Debug|x86.ActiveCfg = Debug|Any CPU
		{3090E30E-22E4-4FEA-AB1D-DCCCD9D99D27}.Debug|x86.Build.0 = Debug|Any CPU
		{3090E30E-22E4-4FEA-AB1D-DCCCD9D99D27}.Release|Any CPU.ActiveCfg = Release|Any CPU
		{3090E30E-22E4-4FEA-AB1D-DCCCD9D99D27}.Release|Any CPU.Build.0 = Release|Any CPU
		{3090E30E-22E4-4FEA-AB1D-DCCCD9D99D27}.Release|x64.ActiveCfg = Release|Any CPU
		{3090E30E-22E4-4FEA-AB1D-DCCCD9D99D27}.Release|x64.Build.0 = Release|Any CPU
		{3090E30E-22E4-4FEA-AB1D-DCCCD9D99D27}.Release|x86.ActiveCfg = Release|Any CPU
		{3090E30E-22E4-4FEA-AB1D-DCCCD9D99D27}.Release|x86.Build.0 = Release|Any CPU
		{4CF14A7F-4996-457E-AE80-4D78E2FDE6AE}.Debug|Any CPU.ActiveCfg = Debug|Any CPU
		{4CF14A7F-4996-457E-AE80-4D78E2FDE6AE}.Debug|Any CPU.Build.0 = Debug|Any CPU
		{4CF14A7F-4996-457E-AE80-4D78E2FDE6AE}.Debug|x64.ActiveCfg = Debug|Any CPU
		{4CF14A7F-4996-457E-AE80-4D78E2FDE6AE}.Debug|x64.Build.0 = Debug|Any CPU
		{4CF14A7F-4996-457E-AE80-4D78E2FDE6AE}.Debug|x86.ActiveCfg = Debug|Any CPU
		{4CF14A7F-4996-457E-AE80-4D78E2FDE6AE}.Debug|x86.Build.0 = Debug|Any CPU
		{4CF14A7F-4996-457E-AE80-4D78E2FDE6AE}.Release|Any CPU.ActiveCfg = Release|Any CPU
		{4CF14A7F-4996-457E-AE80-4D78E2FDE6AE}.Release|Any CPU.Build.0 = Release|Any CPU
		{4CF14A7F-4996-457E-AE80-4D78E2FDE6AE}.Release|x64.ActiveCfg = Release|Any CPU
		{4CF14A7F-4996-457E-AE80-4D78E2FDE6AE}.Release|x64.Build.0 = Release|Any CPU
		{4CF14A7F-4996-457E-AE80-4D78E2FDE6AE}.Release|x86.ActiveCfg = Release|Any CPU
		{4CF14A7F-4996-457E-AE80-4D78E2FDE6AE}.Release|x86.Build.0 = Release|Any CPU
		{7F36B619-5264-41B3-851E-131050083B09}.Debug|Any CPU.ActiveCfg = Debug|Any CPU
		{7F36B619-5264-41B3-851E-131050083B09}.Debug|Any CPU.Build.0 = Debug|Any CPU
		{7F36B619-5264-41B3-851E-131050083B09}.Debug|x64.ActiveCfg = Debug|Any CPU
		{7F36B619-5264-41B3-851E-131050083B09}.Debug|x64.Build.0 = Debug|Any CPU
		{7F36B619-5264-41B3-851E-131050083B09}.Debug|x86.ActiveCfg = Debug|Any CPU
		{7F36B619-5264-41B3-851E-131050083B09}.Debug|x86.Build.0 = Debug|Any CPU
		{7F36B619-5264-41B3-851E-131050083B09}.Release|Any CPU.ActiveCfg = Release|Any CPU
		{7F36B619-5264-41B3-851E-131050083B09}.Release|Any CPU.Build.0 = Release|Any CPU
		{7F36B619-5264-41B3-851E-131050083B09}.Release|x64.ActiveCfg = Release|Any CPU
		{7F36B619-5264-41B3-851E-131050083B09}.Release|x64.Build.0 = Release|Any CPU
		{7F36B619-5264-41B3-851E-131050083B09}.Release|x86.ActiveCfg = Release|Any CPU
		{7F36B619-5264-41B3-851E-131050083B09}.Release|x86.Build.0 = Release|Any CPU
		{BB12FB9A-D136-4CA4-AF9F-F44559B4AA6A}.Debug|Any CPU.ActiveCfg = Debug|Any CPU
		{BB12FB9A-D136-4CA4-AF9F-F44559B4AA6A}.Debug|Any CPU.Build.0 = Debug|Any CPU
		{BB12FB9A-D136-4CA4-AF9F-F44559B4AA6A}.Debug|x64.ActiveCfg = Debug|Any CPU
		{BB12FB9A-D136-4CA4-AF9F-F44559B4AA6A}.Debug|x64.Build.0 = Debug|Any CPU
		{BB12FB9A-D136-4CA4-AF9F-F44559B4AA6A}.Debug|x86.ActiveCfg = Debug|Any CPU
		{BB12FB9A-D136-4CA4-AF9F-F44559B4AA6A}.Debug|x86.Build.0 = Debug|Any CPU
		{BB12FB9A-D136-4CA4-AF9F-F44559B4AA6A}.Release|Any CPU.ActiveCfg = Release|Any CPU
		{BB12FB9A-D136-4CA4-AF9F-F44559B4AA6A}.Release|Any CPU.Build.0 = Release|Any CPU
		{BB12FB9A-D136-4CA4-AF9F-F44559B4AA6A}.Release|x64.ActiveCfg = Release|Any CPU
		{BB12FB9A-D136-4CA4-AF9F-F44559B4AA6A}.Release|x64.Build.0 = Release|Any CPU
		{BB12FB9A-D136-4CA4-AF9F-F44559B4AA6A}.Release|x86.ActiveCfg = Release|Any CPU
		{BB12FB9A-D136-4CA4-AF9F-F44559B4AA6A}.Release|x86.Build.0 = Release|Any CPU
		{82B93763-1BEA-4EFA-9C93-D66CC9E0FA8C}.Debug|Any CPU.ActiveCfg = Debug|Any CPU
		{82B93763-1BEA-4EFA-9C93-D66CC9E0FA8C}.Debug|Any CPU.Build.0 = Debug|Any CPU
		{82B93763-1BEA-4EFA-9C93-D66CC9E0FA8C}.Debug|x64.ActiveCfg = Debug|Any CPU
		{82B93763-1BEA-4EFA-9C93-D66CC9E0FA8C}.Debug|x64.Build.0 = Debug|Any CPU
		{82B93763-1BEA-4EFA-9C93-D66CC9E0FA8C}.Debug|x86.ActiveCfg = Debug|Any CPU
		{82B93763-1BEA-4EFA-9C93-D66CC9E0FA8C}.Debug|x86.Build.0 = Debug|Any CPU
		{82B93763-1BEA-4EFA-9C93-D66CC9E0FA8C}.Release|Any CPU.ActiveCfg = Release|Any CPU
		{82B93763-1BEA-4EFA-9C93-D66CC9E0FA8C}.Release|Any CPU.Build.0 = Release|Any CPU
		{82B93763-1BEA-4EFA-9C93-D66CC9E0FA8C}.Release|x64.ActiveCfg = Release|Any CPU
		{82B93763-1BEA-4EFA-9C93-D66CC9E0FA8C}.Release|x64.Build.0 = Release|Any CPU
		{82B93763-1BEA-4EFA-9C93-D66CC9E0FA8C}.Release|x86.ActiveCfg = Release|Any CPU
		{82B93763-1BEA-4EFA-9C93-D66CC9E0FA8C}.Release|x86.Build.0 = Release|Any CPU
		{45A9AE5C-33FC-4E8D-800B-B86838B0498C}.Debug|Any CPU.ActiveCfg = Debug|Any CPU
		{45A9AE5C-33FC-4E8D-800B-B86838B0498C}.Debug|Any CPU.Build.0 = Debug|Any CPU
		{45A9AE5C-33FC-4E8D-800B-B86838B0498C}.Debug|x64.ActiveCfg = Debug|Any CPU
		{45A9AE5C-33FC-4E8D-800B-B86838B0498C}.Debug|x64.Build.0 = Debug|Any CPU
		{45A9AE5C-33FC-4E8D-800B-B86838B0498C}.Debug|x86.ActiveCfg = Debug|Any CPU
		{45A9AE5C-33FC-4E8D-800B-B86838B0498C}.Debug|x86.Build.0 = Debug|Any CPU
		{45A9AE5C-33FC-4E8D-800B-B86838B0498C}.Release|Any CPU.ActiveCfg = Release|Any CPU
		{45A9AE5C-33FC-4E8D-800B-B86838B0498C}.Release|Any CPU.Build.0 = Release|Any CPU
		{45A9AE5C-33FC-4E8D-800B-B86838B0498C}.Release|x64.ActiveCfg = Release|Any CPU
		{45A9AE5C-33FC-4E8D-800B-B86838B0498C}.Release|x64.Build.0 = Release|Any CPU
		{45A9AE5C-33FC-4E8D-800B-B86838B0498C}.Release|x86.ActiveCfg = Release|Any CPU
		{45A9AE5C-33FC-4E8D-800B-B86838B0498C}.Release|x86.Build.0 = Release|Any CPU
		{429E81B3-C2C1-4056-8600-AA1C138752C0}.Debug|Any CPU.ActiveCfg = Debug|Any CPU
		{429E81B3-C2C1-4056-8600-AA1C138752C0}.Debug|Any CPU.Build.0 = Debug|Any CPU
		{429E81B3-C2C1-4056-8600-AA1C138752C0}.Debug|x64.ActiveCfg = Debug|Any CPU
		{429E81B3-C2C1-4056-8600-AA1C138752C0}.Debug|x64.Build.0 = Debug|Any CPU
		{429E81B3-C2C1-4056-8600-AA1C138752C0}.Debug|x86.ActiveCfg = Debug|Any CPU
		{429E81B3-C2C1-4056-8600-AA1C138752C0}.Debug|x86.Build.0 = Debug|Any CPU
		{429E81B3-C2C1-4056-8600-AA1C138752C0}.Release|Any CPU.ActiveCfg = Release|Any CPU
		{429E81B3-C2C1-4056-8600-AA1C138752C0}.Release|Any CPU.Build.0 = Release|Any CPU
		{429E81B3-C2C1-4056-8600-AA1C138752C0}.Release|x64.ActiveCfg = Release|Any CPU
		{429E81B3-C2C1-4056-8600-AA1C138752C0}.Release|x64.Build.0 = Release|Any CPU
		{429E81B3-C2C1-4056-8600-AA1C138752C0}.Release|x86.ActiveCfg = Release|Any CPU
		{429E81B3-C2C1-4056-8600-AA1C138752C0}.Release|x86.Build.0 = Release|Any CPU
		{51DB138F-8610-4745-BEE8-F4364CC79277}.Debug|Any CPU.ActiveCfg = Debug|Any CPU
		{51DB138F-8610-4745-BEE8-F4364CC79277}.Debug|Any CPU.Build.0 = Debug|Any CPU
		{51DB138F-8610-4745-BEE8-F4364CC79277}.Debug|x64.ActiveCfg = Debug|Any CPU
		{51DB138F-8610-4745-BEE8-F4364CC79277}.Debug|x64.Build.0 = Debug|Any CPU
		{51DB138F-8610-4745-BEE8-F4364CC79277}.Debug|x86.ActiveCfg = Debug|Any CPU
		{51DB138F-8610-4745-BEE8-F4364CC79277}.Debug|x86.Build.0 = Debug|Any CPU
		{51DB138F-8610-4745-BEE8-F4364CC79277}.Release|Any CPU.ActiveCfg = Release|Any CPU
		{51DB138F-8610-4745-BEE8-F4364CC79277}.Release|Any CPU.Build.0 = Release|Any CPU
		{51DB138F-8610-4745-BEE8-F4364CC79277}.Release|x64.ActiveCfg = Release|Any CPU
		{51DB138F-8610-4745-BEE8-F4364CC79277}.Release|x64.Build.0 = Release|Any CPU
		{51DB138F-8610-4745-BEE8-F4364CC79277}.Release|x86.ActiveCfg = Release|Any CPU
		{51DB138F-8610-4745-BEE8-F4364CC79277}.Release|x86.Build.0 = Release|Any CPU
		{1A48C772-F742-4977-902D-6BC0773ED5A2}.Debug|Any CPU.ActiveCfg = Debug|Any CPU
		{1A48C772-F742-4977-902D-6BC0773ED5A2}.Debug|Any CPU.Build.0 = Debug|Any CPU
		{1A48C772-F742-4977-902D-6BC0773ED5A2}.Debug|x64.ActiveCfg = Debug|Any CPU
		{1A48C772-F742-4977-902D-6BC0773ED5A2}.Debug|x64.Build.0 = Debug|Any CPU
		{1A48C772-F742-4977-902D-6BC0773ED5A2}.Debug|x86.ActiveCfg = Debug|Any CPU
		{1A48C772-F742-4977-902D-6BC0773ED5A2}.Debug|x86.Build.0 = Debug|Any CPU
		{1A48C772-F742-4977-902D-6BC0773ED5A2}.Release|Any CPU.ActiveCfg = Release|Any CPU
		{1A48C772-F742-4977-902D-6BC0773ED5A2}.Release|Any CPU.Build.0 = Release|Any CPU
		{1A48C772-F742-4977-902D-6BC0773ED5A2}.Release|x64.ActiveCfg = Release|Any CPU
		{1A48C772-F742-4977-902D-6BC0773ED5A2}.Release|x64.Build.0 = Release|Any CPU
		{1A48C772-F742-4977-902D-6BC0773ED5A2}.Release|x86.ActiveCfg = Release|Any CPU
		{1A48C772-F742-4977-902D-6BC0773ED5A2}.Release|x86.Build.0 = Release|Any CPU
		{C0605C50-ACE1-4939-8039-2B2B8008B77C}.Debug|Any CPU.ActiveCfg = Debug|Any CPU
		{C0605C50-ACE1-4939-8039-2B2B8008B77C}.Debug|Any CPU.Build.0 = Debug|Any CPU
		{C0605C50-ACE1-4939-8039-2B2B8008B77C}.Debug|x64.ActiveCfg = Debug|Any CPU
		{C0605C50-ACE1-4939-8039-2B2B8008B77C}.Debug|x64.Build.0 = Debug|Any CPU
		{C0605C50-ACE1-4939-8039-2B2B8008B77C}.Debug|x86.ActiveCfg = Debug|Any CPU
		{C0605C50-ACE1-4939-8039-2B2B8008B77C}.Debug|x86.Build.0 = Debug|Any CPU
		{C0605C50-ACE1-4939-8039-2B2B8008B77C}.Release|Any CPU.ActiveCfg = Release|Any CPU
		{C0605C50-ACE1-4939-8039-2B2B8008B77C}.Release|Any CPU.Build.0 = Release|Any CPU
		{C0605C50-ACE1-4939-8039-2B2B8008B77C}.Release|x64.ActiveCfg = Release|Any CPU
		{C0605C50-ACE1-4939-8039-2B2B8008B77C}.Release|x64.Build.0 = Release|Any CPU
		{C0605C50-ACE1-4939-8039-2B2B8008B77C}.Release|x86.ActiveCfg = Release|Any CPU
		{C0605C50-ACE1-4939-8039-2B2B8008B77C}.Release|x86.Build.0 = Release|Any CPU
		{069AFCB0-406B-410A-9B14-8FAD06825770}.Debug|Any CPU.ActiveCfg = Debug|Any CPU
		{069AFCB0-406B-410A-9B14-8FAD06825770}.Debug|Any CPU.Build.0 = Debug|Any CPU
		{069AFCB0-406B-410A-9B14-8FAD06825770}.Debug|x64.ActiveCfg = Debug|Any CPU
		{069AFCB0-406B-410A-9B14-8FAD06825770}.Debug|x64.Build.0 = Debug|Any CPU
		{069AFCB0-406B-410A-9B14-8FAD06825770}.Debug|x86.ActiveCfg = Debug|Any CPU
		{069AFCB0-406B-410A-9B14-8FAD06825770}.Debug|x86.Build.0 = Debug|Any CPU
		{069AFCB0-406B-410A-9B14-8FAD06825770}.Release|Any CPU.ActiveCfg = Release|Any CPU
		{069AFCB0-406B-410A-9B14-8FAD06825770}.Release|Any CPU.Build.0 = Release|Any CPU
		{069AFCB0-406B-410A-9B14-8FAD06825770}.Release|x64.ActiveCfg = Release|Any CPU
		{069AFCB0-406B-410A-9B14-8FAD06825770}.Release|x64.Build.0 = Release|Any CPU
		{069AFCB0-406B-410A-9B14-8FAD06825770}.Release|x86.ActiveCfg = Release|Any CPU
		{069AFCB0-406B-410A-9B14-8FAD06825770}.Release|x86.Build.0 = Release|Any CPU
		{E217F562-CA4B-414A-BF0B-11724FC8B74B}.Debug|Any CPU.ActiveCfg = Debug|Any CPU
		{E217F562-CA4B-414A-BF0B-11724FC8B74B}.Debug|Any CPU.Build.0 = Debug|Any CPU
		{E217F562-CA4B-414A-BF0B-11724FC8B74B}.Debug|x64.ActiveCfg = Debug|Any CPU
		{E217F562-CA4B-414A-BF0B-11724FC8B74B}.Debug|x64.Build.0 = Debug|Any CPU
		{E217F562-CA4B-414A-BF0B-11724FC8B74B}.Debug|x86.ActiveCfg = Debug|Any CPU
		{E217F562-CA4B-414A-BF0B-11724FC8B74B}.Debug|x86.Build.0 = Debug|Any CPU
		{E217F562-CA4B-414A-BF0B-11724FC8B74B}.Release|Any CPU.ActiveCfg = Release|Any CPU
		{E217F562-CA4B-414A-BF0B-11724FC8B74B}.Release|Any CPU.Build.0 = Release|Any CPU
		{E217F562-CA4B-414A-BF0B-11724FC8B74B}.Release|x64.ActiveCfg = Release|Any CPU
		{E217F562-CA4B-414A-BF0B-11724FC8B74B}.Release|x64.Build.0 = Release|Any CPU
		{E217F562-CA4B-414A-BF0B-11724FC8B74B}.Release|x86.ActiveCfg = Release|Any CPU
		{E217F562-CA4B-414A-BF0B-11724FC8B74B}.Release|x86.Build.0 = Release|Any CPU
		{6C75920D-8418-458F-9A27-208135DFC730}.Debug|Any CPU.ActiveCfg = Debug|Any CPU
		{6C75920D-8418-458F-9A27-208135DFC730}.Debug|Any CPU.Build.0 = Debug|Any CPU
		{6C75920D-8418-458F-9A27-208135DFC730}.Debug|x64.ActiveCfg = Debug|Any CPU
		{6C75920D-8418-458F-9A27-208135DFC730}.Debug|x64.Build.0 = Debug|Any CPU
		{6C75920D-8418-458F-9A27-208135DFC730}.Debug|x86.ActiveCfg = Debug|Any CPU
		{6C75920D-8418-458F-9A27-208135DFC730}.Debug|x86.Build.0 = Debug|Any CPU
		{6C75920D-8418-458F-9A27-208135DFC730}.Release|Any CPU.ActiveCfg = Release|Any CPU
		{6C75920D-8418-458F-9A27-208135DFC730}.Release|Any CPU.Build.0 = Release|Any CPU
		{6C75920D-8418-458F-9A27-208135DFC730}.Release|x64.ActiveCfg = Release|Any CPU
		{6C75920D-8418-458F-9A27-208135DFC730}.Release|x64.Build.0 = Release|Any CPU
		{6C75920D-8418-458F-9A27-208135DFC730}.Release|x86.ActiveCfg = Release|Any CPU
		{6C75920D-8418-458F-9A27-208135DFC730}.Release|x86.Build.0 = Release|Any CPU
		{EF691396-6F9F-453E-B862-BBF3AF51B41B}.Debug|Any CPU.ActiveCfg = Debug|Any CPU
		{EF691396-6F9F-453E-B862-BBF3AF51B41B}.Debug|Any CPU.Build.0 = Debug|Any CPU
		{EF691396-6F9F-453E-B862-BBF3AF51B41B}.Debug|x64.ActiveCfg = Debug|Any CPU
		{EF691396-6F9F-453E-B862-BBF3AF51B41B}.Debug|x64.Build.0 = Debug|Any CPU
		{EF691396-6F9F-453E-B862-BBF3AF51B41B}.Debug|x86.ActiveCfg = Debug|Any CPU
		{EF691396-6F9F-453E-B862-BBF3AF51B41B}.Debug|x86.Build.0 = Debug|Any CPU
		{EF691396-6F9F-453E-B862-BBF3AF51B41B}.Release|Any CPU.ActiveCfg = Release|Any CPU
		{EF691396-6F9F-453E-B862-BBF3AF51B41B}.Release|Any CPU.Build.0 = Release|Any CPU
		{EF691396-6F9F-453E-B862-BBF3AF51B41B}.Release|x64.ActiveCfg = Release|Any CPU
		{EF691396-6F9F-453E-B862-BBF3AF51B41B}.Release|x64.Build.0 = Release|Any CPU
		{EF691396-6F9F-453E-B862-BBF3AF51B41B}.Release|x86.ActiveCfg = Release|Any CPU
		{EF691396-6F9F-453E-B862-BBF3AF51B41B}.Release|x86.Build.0 = Release|Any CPU
		{6D13AD55-501B-4236-B7C9-94C151FA1DA7}.Debug|Any CPU.ActiveCfg = Debug|Any CPU
		{6D13AD55-501B-4236-B7C9-94C151FA1DA7}.Debug|Any CPU.Build.0 = Debug|Any CPU
		{6D13AD55-501B-4236-B7C9-94C151FA1DA7}.Debug|x64.ActiveCfg = Debug|Any CPU
		{6D13AD55-501B-4236-B7C9-94C151FA1DA7}.Debug|x64.Build.0 = Debug|Any CPU
		{6D13AD55-501B-4236-B7C9-94C151FA1DA7}.Debug|x86.ActiveCfg = Debug|Any CPU
		{6D13AD55-501B-4236-B7C9-94C151FA1DA7}.Debug|x86.Build.0 = Debug|Any CPU
		{6D13AD55-501B-4236-B7C9-94C151FA1DA7}.Release|Any CPU.ActiveCfg = Release|Any CPU
		{6D13AD55-501B-4236-B7C9-94C151FA1DA7}.Release|Any CPU.Build.0 = Release|Any CPU
		{6D13AD55-501B-4236-B7C9-94C151FA1DA7}.Release|x64.ActiveCfg = Release|Any CPU
		{6D13AD55-501B-4236-B7C9-94C151FA1DA7}.Release|x64.Build.0 = Release|Any CPU
		{6D13AD55-501B-4236-B7C9-94C151FA1DA7}.Release|x86.ActiveCfg = Release|Any CPU
		{6D13AD55-501B-4236-B7C9-94C151FA1DA7}.Release|x86.Build.0 = Release|Any CPU
		{464FB625-A169-4EAB-9B35-D5EAA0D0948C}.Debug|Any CPU.ActiveCfg = Debug|Any CPU
		{464FB625-A169-4EAB-9B35-D5EAA0D0948C}.Debug|Any CPU.Build.0 = Debug|Any CPU
		{464FB625-A169-4EAB-9B35-D5EAA0D0948C}.Debug|x64.ActiveCfg = Debug|Any CPU
		{464FB625-A169-4EAB-9B35-D5EAA0D0948C}.Debug|x64.Build.0 = Debug|Any CPU
		{464FB625-A169-4EAB-9B35-D5EAA0D0948C}.Debug|x86.ActiveCfg = Debug|Any CPU
		{464FB625-A169-4EAB-9B35-D5EAA0D0948C}.Debug|x86.Build.0 = Debug|Any CPU
		{464FB625-A169-4EAB-9B35-D5EAA0D0948C}.Release|Any CPU.ActiveCfg = Release|Any CPU
		{464FB625-A169-4EAB-9B35-D5EAA0D0948C}.Release|Any CPU.Build.0 = Release|Any CPU
		{464FB625-A169-4EAB-9B35-D5EAA0D0948C}.Release|x64.ActiveCfg = Release|Any CPU
		{464FB625-A169-4EAB-9B35-D5EAA0D0948C}.Release|x64.Build.0 = Release|Any CPU
		{464FB625-A169-4EAB-9B35-D5EAA0D0948C}.Release|x86.ActiveCfg = Release|Any CPU
		{464FB625-A169-4EAB-9B35-D5EAA0D0948C}.Release|x86.Build.0 = Release|Any CPU
		{E43DAA0E-1D29-49F3-BDE0-506D9A88CD63}.Debug|Any CPU.ActiveCfg = Debug|Any CPU
		{E43DAA0E-1D29-49F3-BDE0-506D9A88CD63}.Debug|Any CPU.Build.0 = Debug|Any CPU
		{E43DAA0E-1D29-49F3-BDE0-506D9A88CD63}.Debug|x64.ActiveCfg = Debug|Any CPU
		{E43DAA0E-1D29-49F3-BDE0-506D9A88CD63}.Debug|x64.Build.0 = Debug|Any CPU
		{E43DAA0E-1D29-49F3-BDE0-506D9A88CD63}.Debug|x86.ActiveCfg = Debug|Any CPU
		{E43DAA0E-1D29-49F3-BDE0-506D9A88CD63}.Debug|x86.Build.0 = Debug|Any CPU
		{E43DAA0E-1D29-49F3-BDE0-506D9A88CD63}.Release|Any CPU.ActiveCfg = Release|Any CPU
		{E43DAA0E-1D29-49F3-BDE0-506D9A88CD63}.Release|Any CPU.Build.0 = Release|Any CPU
		{E43DAA0E-1D29-49F3-BDE0-506D9A88CD63}.Release|x64.ActiveCfg = Release|Any CPU
		{E43DAA0E-1D29-49F3-BDE0-506D9A88CD63}.Release|x64.Build.0 = Release|Any CPU
		{E43DAA0E-1D29-49F3-BDE0-506D9A88CD63}.Release|x86.ActiveCfg = Release|Any CPU
		{E43DAA0E-1D29-49F3-BDE0-506D9A88CD63}.Release|x86.Build.0 = Release|Any CPU
		{2769560F-44B9-4219-8E0C-4EC50D9AD83B}.Debug|Any CPU.ActiveCfg = Debug|Any CPU
		{2769560F-44B9-4219-8E0C-4EC50D9AD83B}.Debug|Any CPU.Build.0 = Debug|Any CPU
		{2769560F-44B9-4219-8E0C-4EC50D9AD83B}.Debug|x64.ActiveCfg = Debug|Any CPU
		{2769560F-44B9-4219-8E0C-4EC50D9AD83B}.Debug|x64.Build.0 = Debug|Any CPU
		{2769560F-44B9-4219-8E0C-4EC50D9AD83B}.Debug|x86.ActiveCfg = Debug|Any CPU
		{2769560F-44B9-4219-8E0C-4EC50D9AD83B}.Debug|x86.Build.0 = Debug|Any CPU
		{2769560F-44B9-4219-8E0C-4EC50D9AD83B}.Release|Any CPU.ActiveCfg = Release|Any CPU
		{2769560F-44B9-4219-8E0C-4EC50D9AD83B}.Release|Any CPU.Build.0 = Release|Any CPU
		{2769560F-44B9-4219-8E0C-4EC50D9AD83B}.Release|x64.ActiveCfg = Release|Any CPU
		{2769560F-44B9-4219-8E0C-4EC50D9AD83B}.Release|x64.Build.0 = Release|Any CPU
		{2769560F-44B9-4219-8E0C-4EC50D9AD83B}.Release|x86.ActiveCfg = Release|Any CPU
		{2769560F-44B9-4219-8E0C-4EC50D9AD83B}.Release|x86.Build.0 = Release|Any CPU
		{531F67E4-CD3A-461F-9670-2A3110DE0309}.Debug|Any CPU.ActiveCfg = Debug|Any CPU
		{531F67E4-CD3A-461F-9670-2A3110DE0309}.Debug|Any CPU.Build.0 = Debug|Any CPU
		{531F67E4-CD3A-461F-9670-2A3110DE0309}.Debug|x64.ActiveCfg = Debug|Any CPU
		{531F67E4-CD3A-461F-9670-2A3110DE0309}.Debug|x64.Build.0 = Debug|Any CPU
		{531F67E4-CD3A-461F-9670-2A3110DE0309}.Debug|x86.ActiveCfg = Debug|Any CPU
		{531F67E4-CD3A-461F-9670-2A3110DE0309}.Debug|x86.Build.0 = Debug|Any CPU
		{531F67E4-CD3A-461F-9670-2A3110DE0309}.Release|Any CPU.ActiveCfg = Release|Any CPU
		{531F67E4-CD3A-461F-9670-2A3110DE0309}.Release|Any CPU.Build.0 = Release|Any CPU
		{531F67E4-CD3A-461F-9670-2A3110DE0309}.Release|x64.ActiveCfg = Release|Any CPU
		{531F67E4-CD3A-461F-9670-2A3110DE0309}.Release|x64.Build.0 = Release|Any CPU
		{531F67E4-CD3A-461F-9670-2A3110DE0309}.Release|x86.ActiveCfg = Release|Any CPU
		{531F67E4-CD3A-461F-9670-2A3110DE0309}.Release|x86.Build.0 = Release|Any CPU
		{DA2D659D-B8B0-4D99-96BB-ABAB63D4AEAC}.Debug|Any CPU.ActiveCfg = Debug|Any CPU
		{DA2D659D-B8B0-4D99-96BB-ABAB63D4AEAC}.Debug|Any CPU.Build.0 = Debug|Any CPU
		{DA2D659D-B8B0-4D99-96BB-ABAB63D4AEAC}.Debug|x64.ActiveCfg = Debug|Any CPU
		{DA2D659D-B8B0-4D99-96BB-ABAB63D4AEAC}.Debug|x64.Build.0 = Debug|Any CPU
		{DA2D659D-B8B0-4D99-96BB-ABAB63D4AEAC}.Debug|x86.ActiveCfg = Debug|Any CPU
		{DA2D659D-B8B0-4D99-96BB-ABAB63D4AEAC}.Debug|x86.Build.0 = Debug|Any CPU
		{DA2D659D-B8B0-4D99-96BB-ABAB63D4AEAC}.Release|Any CPU.ActiveCfg = Release|Any CPU
		{DA2D659D-B8B0-4D99-96BB-ABAB63D4AEAC}.Release|Any CPU.Build.0 = Release|Any CPU
		{DA2D659D-B8B0-4D99-96BB-ABAB63D4AEAC}.Release|x64.ActiveCfg = Release|Any CPU
		{DA2D659D-B8B0-4D99-96BB-ABAB63D4AEAC}.Release|x64.Build.0 = Release|Any CPU
		{DA2D659D-B8B0-4D99-96BB-ABAB63D4AEAC}.Release|x86.ActiveCfg = Release|Any CPU
		{DA2D659D-B8B0-4D99-96BB-ABAB63D4AEAC}.Release|x86.Build.0 = Release|Any CPU
		{0E85A05F-8A56-435F-A1D1-BB99A137870C}.Debug|Any CPU.ActiveCfg = Debug|Any CPU
		{0E85A05F-8A56-435F-A1D1-BB99A137870C}.Debug|Any CPU.Build.0 = Debug|Any CPU
		{0E85A05F-8A56-435F-A1D1-BB99A137870C}.Debug|x64.ActiveCfg = Debug|Any CPU
		{0E85A05F-8A56-435F-A1D1-BB99A137870C}.Debug|x64.Build.0 = Debug|Any CPU
		{0E85A05F-8A56-435F-A1D1-BB99A137870C}.Debug|x86.ActiveCfg = Debug|Any CPU
		{0E85A05F-8A56-435F-A1D1-BB99A137870C}.Debug|x86.Build.0 = Debug|Any CPU
		{0E85A05F-8A56-435F-A1D1-BB99A137870C}.Release|Any CPU.ActiveCfg = Release|Any CPU
		{0E85A05F-8A56-435F-A1D1-BB99A137870C}.Release|Any CPU.Build.0 = Release|Any CPU
		{0E85A05F-8A56-435F-A1D1-BB99A137870C}.Release|x64.ActiveCfg = Release|Any CPU
		{0E85A05F-8A56-435F-A1D1-BB99A137870C}.Release|x64.Build.0 = Release|Any CPU
		{0E85A05F-8A56-435F-A1D1-BB99A137870C}.Release|x86.ActiveCfg = Release|Any CPU
		{0E85A05F-8A56-435F-A1D1-BB99A137870C}.Release|x86.Build.0 = Release|Any CPU
		{293B1A02-6377-4495-8F37-0D4B85348F6C}.Debug|Any CPU.ActiveCfg = Debug|Any CPU
		{293B1A02-6377-4495-8F37-0D4B85348F6C}.Debug|Any CPU.Build.0 = Debug|Any CPU
		{293B1A02-6377-4495-8F37-0D4B85348F6C}.Debug|x64.ActiveCfg = Debug|Any CPU
		{293B1A02-6377-4495-8F37-0D4B85348F6C}.Debug|x64.Build.0 = Debug|Any CPU
		{293B1A02-6377-4495-8F37-0D4B85348F6C}.Debug|x86.ActiveCfg = Debug|Any CPU
		{293B1A02-6377-4495-8F37-0D4B85348F6C}.Debug|x86.Build.0 = Debug|Any CPU
		{293B1A02-6377-4495-8F37-0D4B85348F6C}.Release|Any CPU.ActiveCfg = Release|Any CPU
		{293B1A02-6377-4495-8F37-0D4B85348F6C}.Release|Any CPU.Build.0 = Release|Any CPU
		{293B1A02-6377-4495-8F37-0D4B85348F6C}.Release|x64.ActiveCfg = Release|Any CPU
		{293B1A02-6377-4495-8F37-0D4B85348F6C}.Release|x64.Build.0 = Release|Any CPU
		{293B1A02-6377-4495-8F37-0D4B85348F6C}.Release|x86.ActiveCfg = Release|Any CPU
		{293B1A02-6377-4495-8F37-0D4B85348F6C}.Release|x86.Build.0 = Release|Any CPU
		{77F7933C-F4E6-442C-93D7-269183F637E9}.Debug|Any CPU.ActiveCfg = Debug|Any CPU
		{77F7933C-F4E6-442C-93D7-269183F637E9}.Debug|Any CPU.Build.0 = Debug|Any CPU
		{77F7933C-F4E6-442C-93D7-269183F637E9}.Debug|x64.ActiveCfg = Debug|Any CPU
		{77F7933C-F4E6-442C-93D7-269183F637E9}.Debug|x64.Build.0 = Debug|Any CPU
		{77F7933C-F4E6-442C-93D7-269183F637E9}.Debug|x86.ActiveCfg = Debug|Any CPU
		{77F7933C-F4E6-442C-93D7-269183F637E9}.Debug|x86.Build.0 = Debug|Any CPU
		{77F7933C-F4E6-442C-93D7-269183F637E9}.Release|Any CPU.ActiveCfg = Release|Any CPU
		{77F7933C-F4E6-442C-93D7-269183F637E9}.Release|Any CPU.Build.0 = Release|Any CPU
		{77F7933C-F4E6-442C-93D7-269183F637E9}.Release|x64.ActiveCfg = Release|Any CPU
		{77F7933C-F4E6-442C-93D7-269183F637E9}.Release|x64.Build.0 = Release|Any CPU
		{77F7933C-F4E6-442C-93D7-269183F637E9}.Release|x86.ActiveCfg = Release|Any CPU
		{77F7933C-F4E6-442C-93D7-269183F637E9}.Release|x86.Build.0 = Release|Any CPU
		{FC96E88F-1206-4227-B38B-60DE805711FB}.Debug|Any CPU.ActiveCfg = Debug|Any CPU
		{FC96E88F-1206-4227-B38B-60DE805711FB}.Debug|Any CPU.Build.0 = Debug|Any CPU
		{FC96E88F-1206-4227-B38B-60DE805711FB}.Debug|x64.ActiveCfg = Debug|Any CPU
		{FC96E88F-1206-4227-B38B-60DE805711FB}.Debug|x64.Build.0 = Debug|Any CPU
		{FC96E88F-1206-4227-B38B-60DE805711FB}.Debug|x86.ActiveCfg = Debug|Any CPU
		{FC96E88F-1206-4227-B38B-60DE805711FB}.Debug|x86.Build.0 = Debug|Any CPU
		{FC96E88F-1206-4227-B38B-60DE805711FB}.Release|Any CPU.ActiveCfg = Release|Any CPU
		{FC96E88F-1206-4227-B38B-60DE805711FB}.Release|Any CPU.Build.0 = Release|Any CPU
		{FC96E88F-1206-4227-B38B-60DE805711FB}.Release|x64.ActiveCfg = Release|Any CPU
		{FC96E88F-1206-4227-B38B-60DE805711FB}.Release|x64.Build.0 = Release|Any CPU
		{FC96E88F-1206-4227-B38B-60DE805711FB}.Release|x86.ActiveCfg = Release|Any CPU
		{FC96E88F-1206-4227-B38B-60DE805711FB}.Release|x86.Build.0 = Release|Any CPU
		{CBF01D5E-4011-4853-974D-B585D44A7939}.Debug|Any CPU.ActiveCfg = Debug|Any CPU
		{CBF01D5E-4011-4853-974D-B585D44A7939}.Debug|Any CPU.Build.0 = Debug|Any CPU
		{CBF01D5E-4011-4853-974D-B585D44A7939}.Debug|x64.ActiveCfg = Debug|Any CPU
		{CBF01D5E-4011-4853-974D-B585D44A7939}.Debug|x64.Build.0 = Debug|Any CPU
		{CBF01D5E-4011-4853-974D-B585D44A7939}.Debug|x86.ActiveCfg = Debug|Any CPU
		{CBF01D5E-4011-4853-974D-B585D44A7939}.Debug|x86.Build.0 = Debug|Any CPU
		{CBF01D5E-4011-4853-974D-B585D44A7939}.Release|Any CPU.ActiveCfg = Release|Any CPU
		{CBF01D5E-4011-4853-974D-B585D44A7939}.Release|Any CPU.Build.0 = Release|Any CPU
		{CBF01D5E-4011-4853-974D-B585D44A7939}.Release|x64.ActiveCfg = Release|Any CPU
		{CBF01D5E-4011-4853-974D-B585D44A7939}.Release|x64.Build.0 = Release|Any CPU
		{CBF01D5E-4011-4853-974D-B585D44A7939}.Release|x86.ActiveCfg = Release|Any CPU
		{CBF01D5E-4011-4853-974D-B585D44A7939}.Release|x86.Build.0 = Release|Any CPU
	EndGlobalSection
	GlobalSection(SolutionProperties) = preSolution
		HideSolutionNode = FALSE
	EndGlobalSection
	GlobalSection(NestedProjects) = preSolution
		{EC447DCF-ABFA-6E24-52A5-D7FD48A5C558} = {827E0CD3-B72D-47B6-A68D-7590B98EB39B}
		{E9D55F35-C373-3DD8-6914-3213F2F582A2} = {EC447DCF-ABFA-6E24-52A5-D7FD48A5C558}
		{96D056C9-912B-41C3-BF62-28F612400CCB} = {E9D55F35-C373-3DD8-6914-3213F2F582A2}
		{EFFA108E-0491-4B1C-8366-BF6907AADF0F} = {E9D55F35-C373-3DD8-6914-3213F2F582A2}
		{578FFF72-1283-498D-840D-0FD0E9F6D008} = {E9D55F35-C373-3DD8-6914-3213F2F582A2}
		{55A45F58-BA0C-4168-9F90-6F0ECA52A68F} = {E9D55F35-C373-3DD8-6914-3213F2F582A2}
		{5C50A689-B514-194B-0249-744A6330F552} = {EC447DCF-ABFA-6E24-52A5-D7FD48A5C558}
		{BA21C887-D0C5-4D05-BB50-DFAF56393D3B} = {5C50A689-B514-194B-0249-744A6330F552}
		{25C4BD64-BC78-4BED-9DB7-72F00C605D00} = {5C50A689-B514-194B-0249-744A6330F552}
		{F842B1E3-DD81-47CB-BE5C-B6810AE47B23} = {5C50A689-B514-194B-0249-744A6330F552}
		{FE125106-6B69-4E98-AC19-C198F76548E2} = {5C50A689-B514-194B-0249-744A6330F552}
		{A3EE3FDA-23BA-7636-B71D-702F924C4037} = {EC447DCF-ABFA-6E24-52A5-D7FD48A5C558}
		{60427A43-4032-485E-A70D-C4BD76487809} = {A3EE3FDA-23BA-7636-B71D-702F924C4037}
		{7613CE73-BA84-4CCA-977D-D5015385584B} = {A3EE3FDA-23BA-7636-B71D-702F924C4037}
		{0BF41A69-A2A9-4E37-9152-6BC9D8E70A8C} = {A3EE3FDA-23BA-7636-B71D-702F924C4037}
		{6476A43A-07F5-44AB-BE49-30B501015085} = {A3EE3FDA-23BA-7636-B71D-702F924C4037}
		{61DCC6D7-ECE4-129F-6A42-39B2DD414C68} = {EC447DCF-ABFA-6E24-52A5-D7FD48A5C558}
		{3090E30E-22E4-4FEA-AB1D-DCCCD9D99D27} = {61DCC6D7-ECE4-129F-6A42-39B2DD414C68}
		{4CF14A7F-4996-457E-AE80-4D78E2FDE6AE} = {61DCC6D7-ECE4-129F-6A42-39B2DD414C68}
		{7F36B619-5264-41B3-851E-131050083B09} = {61DCC6D7-ECE4-129F-6A42-39B2DD414C68}
		{BB12FB9A-D136-4CA4-AF9F-F44559B4AA6A} = {61DCC6D7-ECE4-129F-6A42-39B2DD414C68}
		{09A91B6C-79E6-0968-6169-7E6887562B47} = {EC447DCF-ABFA-6E24-52A5-D7FD48A5C558}
		{82B93763-1BEA-4EFA-9C93-D66CC9E0FA8C} = {09A91B6C-79E6-0968-6169-7E6887562B47}
		{45A9AE5C-33FC-4E8D-800B-B86838B0498C} = {09A91B6C-79E6-0968-6169-7E6887562B47}
		{429E81B3-C2C1-4056-8600-AA1C138752C0} = {09A91B6C-79E6-0968-6169-7E6887562B47}
		{51DB138F-8610-4745-BEE8-F4364CC79277} = {09A91B6C-79E6-0968-6169-7E6887562B47}
		{B6C90F2A-E018-AF2F-3C7C-8D4CE61C2669} = {EC447DCF-ABFA-6E24-52A5-D7FD48A5C558}
		{1A48C772-F742-4977-902D-6BC0773ED5A2} = {B6C90F2A-E018-AF2F-3C7C-8D4CE61C2669}
		{C0605C50-ACE1-4939-8039-2B2B8008B77C} = {B6C90F2A-E018-AF2F-3C7C-8D4CE61C2669}
		{069AFCB0-406B-410A-9B14-8FAD06825770} = {B6C90F2A-E018-AF2F-3C7C-8D4CE61C2669}
		{E217F562-CA4B-414A-BF0B-11724FC8B74B} = {B6C90F2A-E018-AF2F-3C7C-8D4CE61C2669}
		{4AE10D05-DD3E-F48E-F17B-B26EA748633E} = {EC447DCF-ABFA-6E24-52A5-D7FD48A5C558}
		{6C75920D-8418-458F-9A27-208135DFC730} = {4AE10D05-DD3E-F48E-F17B-B26EA748633E}
		{EF691396-6F9F-453E-B862-BBF3AF51B41B} = {4AE10D05-DD3E-F48E-F17B-B26EA748633E}
		{6D13AD55-501B-4236-B7C9-94C151FA1DA7} = {4AE10D05-DD3E-F48E-F17B-B26EA748633E}
		{464FB625-A169-4EAB-9B35-D5EAA0D0948C} = {4AE10D05-DD3E-F48E-F17B-B26EA748633E}
		{3DF52DA8-B83D-8D2B-4D21-700587FC75DB} = {EC447DCF-ABFA-6E24-52A5-D7FD48A5C558}
		{E43DAA0E-1D29-49F3-BDE0-506D9A88CD63} = {3DF52DA8-B83D-8D2B-4D21-700587FC75DB}
		{2769560F-44B9-4219-8E0C-4EC50D9AD83B} = {3DF52DA8-B83D-8D2B-4D21-700587FC75DB}
		{531F67E4-CD3A-461F-9670-2A3110DE0309} = {3DF52DA8-B83D-8D2B-4D21-700587FC75DB}
		{DA2D659D-B8B0-4D99-96BB-ABAB63D4AEAC} = {3DF52DA8-B83D-8D2B-4D21-700587FC75DB}
		{6EBCFD33-7D2C-6F0C-B60B-6B70B57F5713} = {EC447DCF-ABFA-6E24-52A5-D7FD48A5C558}
		{0E85A05F-8A56-435F-A1D1-BB99A137870C} = {6EBCFD33-7D2C-6F0C-B60B-6B70B57F5713}
		{293B1A02-6377-4495-8F37-0D4B85348F6C} = {6EBCFD33-7D2C-6F0C-B60B-6B70B57F5713}
		{77F7933C-F4E6-442C-93D7-269183F637E9} = {6EBCFD33-7D2C-6F0C-B60B-6B70B57F5713}
		{FC96E88F-1206-4227-B38B-60DE805711FB} = {6EBCFD33-7D2C-6F0C-B60B-6B70B57F5713}
		{CBF01D5E-4011-4853-974D-B585D44A7939} = {827E0CD3-B72D-47B6-A68D-7590B98EB39B}
	EndGlobalSection
	GlobalSection(ExtensibilityGlobals) = postSolution
		SolutionGuid = {59709F5D-E22B-4535-836E-EEBC26336EB5}
	EndGlobalSection
EndGlobal
